# THIS IS AN AUTOGENERATED FILE. DO NOT EDIT THIS FILE DIRECTLY.
# yarn lockfile v1


"@types/node@^20.6.2":
  version "20.19.27"
  resolved "https://registry.yarnpkg.com/@types/node/-/node-20.19.27.tgz#d51333f77953a5e4e71d3b5aefa83ec5297fbb80"
  integrity sha512-N2clP5pJhB2YnZJ3PIHFk5RkygRX5WO/5f0WC08tp0wd+sv0rsJk3MqWn3CbNmT2J505a5336jaQj4ph1AdMug==
  dependencies:
    undici-types "~6.21.0"

turbo-darwin-64@2.7.3:
  version "2.7.3"
  resolved "https://registry.yarnpkg.com/turbo-darwin-64/-/turbo-darwin-64-2.7.3.tgz#155712a34adf51ab87d45a40f0bb91aa4ae4f71f"
  integrity sha512-aZHhvRiRHXbJw1EcEAq4aws1hsVVUZ9DPuSFaq9VVFAKCup7niIEwc22glxb7240yYEr1vLafdQ2U294Vcwz+w==

turbo-darwin-arm64@2.7.3:
  version "2.7.3"
  resolved "https://registry.yarnpkg.com/turbo-darwin-arm64/-/turbo-darwin-arm64-2.7.3.tgz#15bd1369a08aba017dce5e04cea92b4118f9d2cf"
  integrity sha512-CkVrHSq+Bnhl9sX2LQgqQYVfLTWC2gvI74C4758OmU0djfrssDKU9d4YQF0AYXXhIIRZipSXfxClQziIMD+EAg==

turbo-linux-64@2.7.3:
  version "2.7.3"
  resolved "https://registry.yarnpkg.com/turbo-linux-64/-/turbo-linux-64-2.7.3.tgz#32ca1e0560470fd8f1b8732e8083f0e92d36113f"
  integrity sha512-GqDsCNnzzr89kMaLGpRALyigUklzgxIrSy2pHZVXyifgczvYPnLglex78Aj3T2gu+T3trPPH2iJ+pWucVOCC2Q==

turbo-linux-arm64@2.7.3:
  version "2.7.3"
  resolved "https://registry.yarnpkg.com/turbo-linux-arm64/-/turbo-linux-arm64-2.7.3.tgz#a6246cacbbfee7b37fd15a458803cf41ec60b4c8"
  integrity sha512-NdCDTfIcIo3dWjsiaAHlxu5gW61Ed/8maah1IAF/9E3EtX0aAHNiBMbuYLZaR4vRJ7BeVkYB6xKWRtdFLZ0y3g==

turbo-windows-64@2.7.3:
  version "2.7.3"
  resolved "https://registry.yarnpkg.com/turbo-windows-64/-/turbo-windows-64-2.7.3.tgz#40d7103f50d4e50144ae6b7e7573b3b8fdbdd520"
  integrity sha512-7bVvO987daXGSJVYBoG8R4Q+csT1pKIgLJYZevXRQ0Hqw0Vv4mKme/TOjYXs9Qb1xMKh51Tb3bXKDbd8/4G08g==

turbo-windows-arm64@2.7.3:
  version "2.7.3"
  resolved "https://registry.yarnpkg.com/turbo-windows-arm64/-/turbo-windows-arm64-2.7.3.tgz#4e35b03371f55a162600ddf5c160e83c42c15af7"
  integrity sha512-nTodweTbPmkvwMu/a55XvjMsPtuyUSC+sV7f/SR57K36rB2I0YG21qNETN+00LOTUW9B3omd8XkiXJkt4kx/cw==

turbo@^2.3.3:
  version "2.7.3"
  resolved "https://registry.yarnpkg.com/turbo/-/turbo-2.7.3.tgz#1a651a02988a0a00ec6d6a302fe0af1b3c7d23dd"
  integrity sha512-+HjKlP4OfYk+qzvWNETA3cUO5UuK6b5MSc2UJOKyvBceKucQoQGb2g7HlC2H1GHdkfKrk4YF1VPvROkhVZDDLQ==
  optionalDependencies:
    turbo-darwin-64 "2.7.3"
    turbo-darwin-arm64 "2.7.3"
    turbo-linux-64 "2.7.3"
    turbo-linux-arm64 "2.7.3"
    turbo-windows-64 "2.7.3"
    turbo-windows-arm64 "2.7.3"

typescript@^5.2.2:
  version "5.9.3"
  resolved "https://registry.yarnpkg.com/typescript/-/typescript-5.9.3.tgz#5b4f59e15310ab17a216f5d6cf53ee476ede670f"
  integrity sha512-jl1vZzPDinLr9eUt3J/t7V6FgNEw9QjvBPdysz9KfQDD41fQrC2Y4vKQdiaUpFT4bXlb1RHhLpp8wtm6M5TgSw==

undici-types@~6.21.0:
  version "6.21.0"
  resolved "https://registry.yarnpkg.com/undici-types/-/undici-types-6.21.0.tgz#691d00af3909be93a7faa13be61b3a5b50ef12cb"
  integrity sha512-iwDZqg0QAGrg9Rav5H4n0M64c3mkR59cJ6wQp+7C4nI0gsmExaedaYLNO44eT4AtBBwjbTiGPMlt2Md0T9H9JQ==
